
Microsoft Visual Studio Solution File, Format Version 12.00
# Visual Studio Version 17
VisualStudioVersion = 17.5.2.0
MinimumVisualStudioVersion = 10.0.40219.1
Project("{2150E333-8FDC-42A3-9474-1A3956D46DE8}") = "src", "src", "{827E0CD3-B72D-47B6-A68D-7590B98EB39B}"
EndProject
Project("{FAE04EC0-301F-11D3-BF4B-00C04F79EFBC}") = "AwesomeDevStreams", "src\AwesomeDevStreams\AwesomeDevStreams.csproj", "{76CA1DFD-CB8C-84B5-84F1-58B564103C45}"
EndProject
Project("{2150E333-8FDC-42A3-9474-1A3956D46DE8}") = "tools", "tools", "{07C2787E-EAC7-C090-1BA3-A61EC2A24D84}"
EndProject
Project("{2150E333-8FDC-42A3-9474-1A3956D46DE8}") = "validator", "validator", "{E70FDF7C-9940-2C5B-3596-C5A2A7784A08}"
EndProject
Project("{F2A71F9B-5D33-465A-A702-920D77279786}") = "JsonValidator", "tools\validator\JsonValidator.fsproj", "{1257FA4B-E63A-4A04-9AE3-2B3C2F8F4C89}"
EndProject
Global
	GlobalSection(SolutionConfigurationPlatforms) = preSolution
		Debug|Any CPU = Debug|Any CPU
		Debug|x64 = Debug|x64
		Debug|x86 = Debug|x86
		Release|Any CPU = Release|Any CPU
		Release|x64 = Release|x64
		Release|x86 = Release|x86
	EndGlobalSection
	GlobalSection(ProjectConfigurationPlatforms) = postSolution
		{76CA1DFD-CB8C-84B5-84F1-58B564103C45}.Debug|Any CPU.ActiveCfg = Debug|Any CPU
		{76CA1DFD-CB8C-84B5-84F1-58B564103C45}.Debug|Any CPU.Build.0 = Debug|Any CPU
		{76CA1DFD-CB8C-84B5-84F1-58B564103C45}.Debug|x64.ActiveCfg = Debug|Any CPU
		{76CA1DFD-CB8C-84B5-84F1-58B564103C45}.Debug|x64.Build.0 = Debug|Any CPU
		{76CA1DFD-CB8C-84B5-84F1-58B564103C45}.Debug|x86.ActiveCfg = Debug|Any CPU
		{76CA1DFD-CB8C-84B5-84F1-58B564103C45}.Debug|x86.Build.0 = Debug|Any CPU
		{76CA1DFD-CB8C-84B5-84F1-58B564103C45}.Release|Any CPU.ActiveCfg = Release|Any CPU
		{76CA1DFD-CB8C-84B5-84F1-58B564103C45}.Release|Any CPU.Build.0 = Release|Any CPU
		{76CA1DFD-CB8C-84B5-84F1-58B564103C45}.Release|x64.ActiveCfg = Release|Any CPU
		{76CA1DFD-CB8C-84B5-84F1-58B564103C45}.Release|x64.Build.0 = Release|Any CPU
		{76CA1DFD-CB8C-84B5-84F1-58B564103C45}.Release|x86.ActiveCfg = Release|Any CPU
		{76CA1DFD-CB8C-84B5-84F1-58B564103C45}.Release|x86.Build.0 = Release|Any CPU
		{1257FA4B-E63A-4A04-9AE3-2B3C2F8F4C89}.Debug|Any CPU.ActiveCfg = Debug|Any CPU
		{1257FA4B-E63A-4A04-9AE3-2B3C2F8F4C89}.Debug|Any CPU.Build.0 = Debug|Any CPU
		{1257FA4B-E63A-4A04-9AE3-2B3C2F8F4C89}.Debug|x64.ActiveCfg = Debug|Any CPU
		{1257FA4B-E63A-4A04-9AE3-2B3C2F8F4C89}.Debug|x64.Build.0 = Debug|Any CPU
		{1257FA4B-E63A-4A04-9AE3-2B3C2F8F4C89}.Debug|x86.ActiveCfg = Debug|Any CPU
		{1257FA4B-E63A-4A04-9AE3-2B3C2F8F4C89}.Debug|x86.Build.0 = Debug|Any CPU
		{1257FA4B-E63A-4A04-9AE3-2B3C2F8F4C89}.Release|Any CPU.ActiveCfg = Release|Any CPU
		{1257FA4B-E63A-4A04-9AE3-2B3C2F8F4C89}.Release|Any CPU.Build.0 = Release|Any CPU
		{1257FA4B-E63A-4A04-9AE3-2B3C2F8F4C89}.Release|x64.ActiveCfg = Release|Any CPU
		{1257FA4B-E63A-4A04-9AE3-2B3C2F8F4C89}.Release|x64.Build.0 = Release|Any CPU
		{1257FA4B-E63A-4A04-9AE3-2B3C2F8F4C89}.Release|x86.ActiveCfg = Release|Any CPU
		{1257FA4B-E63A-4A04-9AE3-2B3C2F8F4C89}.Release|x86.Build.0 = Release|Any CPU
	EndGlobalSection
	GlobalSection(SolutionProperties) = preSolution
		HideSolutionNode = FALSE
	EndGlobalSection
	GlobalSection(NestedProjects) = preSolution
		{76CA1DFD-CB8C-84B5-84F1-58B564103C45} = {827E0CD3-B72D-47B6-A68D-7590B98EB39B}
		{E70FDF7C-9940-2C5B-3596-C5A2A7784A08} = {07C2787E-EAC7-C090-1BA3-A61EC2A24D84}
		{1257FA4B-E63A-4A04-9AE3-2B3C2F8F4C89} = {E70FDF7C-9940-2C5B-3596-C5A2A7784A08}
	EndGlobalSection
	GlobalSection(ExtensibilityGlobals) = postSolution
		SolutionGuid = {B9524CE0-2226-4FE5-A2A4-9A81B51B2C2D}
	EndGlobalSection
EndGlobal
